
Microsoft Visual Studio Solution File, Format Version 12.00
# Visual Studio Version 17
VisualStudioVersion = 17.5.33414.496
MinimumVisualStudioVersion = 10.0.40219.1
Project("{FAE04EC0-301F-11D3-BF4B-00C04F79EFBC}") = "Formation", "Formation\Formation.csproj", "{051C1604-7D3D-4193-99FA-797F4E35563C}"
EndProject
Global
	GlobalSection(SolutionConfigurationPlatforms) = preSolution
		Debug|Any CPU = Debug|Any CPU
		Release|Any CPU = Release|Any CPU
	EndGlobalSection
	GlobalSection(ProjectConfigurationPlatforms) = postSolution
		{051C1604-7D3D-4193-99FA-797F4E35563C}.Debug|Any CPU.ActiveCfg = Debug|Any CPU
		{051C1604-7D3D-4193-99FA-797F4E35563C}.Debug|Any CPU.Build.0 = Debug|Any CPU
		{051C1604-7D3D-4193-99FA-797F4E35563C}.Release|Any CPU.ActiveCfg = Release|Any CPU
		{051C1604-7D3D-4193-99FA-797F4E35563C}.Release|Any CPU.Build.0 = Release|Any CPU
	EndGlobalSection
	GlobalSection(SolutionProperties) = preSolution
		HideSolutionNode = FALSE
	EndGlobalSection
	GlobalSection(ExtensibilityGlobals) = postSolution
		SolutionGuid = {23CB0839-4B66-403B-80C0-55524DA7C957}
	EndGlobalSection
EndGlobal
